<?xml version="1.0" encoding="utf-8"?>
<Project ToolsVersion="4.0" xmlns="http://schemas.microsoft.com/developer/msbuild/2003">
  <ItemGroup>
    <Filter Include="Source Files">
      <UniqueIdentifier>{A5D56C4D-5D3C-4C8E-9E1D-E2A8217AA35F}</UniqueIdentifier>
      <Extensions>c;cc;cpp;cxx;def;odl;idl;hpj;bat;asm;asmx</Extensions>
    </Filter>
    <Filter Include="Header Files">
      <UniqueIdentifier>{D9F36E0A-57C4-4A72-9340-7E8EC952C692}</UniqueIdentifier>
      <Extensions>h;hh;hpp;hxx;hm;inl;inc;xsd</Extensions>
    </Filter>
    <Filter Include="Driver Files">
      <UniqueIdentifier>{00AB6CD5-6C8A-412E-B53C-54EB19F4EB85}</UniqueIdentifier>
      <Extensions>inf;inx</Extensions>
    </Filter>
  </ItemGroup>
  <ItemGroup>
    <ClCompile Include="memattrib_driver.c">
      <Filter>Source Files</Filter>
    </ClCompile>
  </ItemGroup>
  <ItemGroup>
    <ClInclude Include="..\shared\memattrib_shared.h">
      <Filter>Header Files</Filter>
    </ClInclude>
  </ItemGroup>
  <ItemGroup>
    <Inf Include="memattrib.inf">
      <Filter>Driver Files</Filter>
    </Inf>
  </ItemGroup>
</Project>
